
Microsoft Visual Studio Solution File, Format Version 11.00
# Visual Studio 2010
Project("{8BC9CEB8-8B4A-11D0-8D11-00A0C91BC942}") = "1415_S1", "1415_S1\1415_S1.vcxproj", "{E5E89C71-BBEF-4F81-9926-EDDC7013D800}"
EndProject
Global
	GlobalSection(SolutionConfigurationPlatforms) = preSolution
		Debug|Win32 = Debug|Win32
		Release|Win32 = Release|Win32
	EndGlobalSection
	GlobalSection(ProjectConfigurationPlatforms) = postSolution
		{E5E89C71-BBEF-4F81-9926-EDDC7013D800}.Debug|Win32.ActiveCfg = Debug|Win32
		{E5E89C71-BBEF-4F81-9926-EDDC7013D800}.Debug|Win32.Build.0 = Debug|Win32
		{E5E89C71-BBEF-4F81-9926-EDDC7013D800}.Release|Win32.ActiveCfg = Release|Win32
		{E5E89C71-BBEF-4F81-9926-EDDC7013D800}.Release|Win32.Build.0 = Release|Win32
	EndGlobalSection
	GlobalSection(SolutionProperties) = preSolution
		HideSolutionNode = FALSE
	EndGlobalSection
EndGlobal
