
Microsoft Visual Studio Solution File, Format Version 11.00
# Visual Studio 2010
Project("{8BC9CEB8-8B4A-11D0-8D11-00A0C91BC942}") = "1617_S1_QC2", "1617_S1_QC2\1617_S1_QC2.vcxproj", "{2F3388EF-AB71-436A-97E2-5C4F75AB85DB}"
EndProject
Global
	GlobalSection(SolutionConfigurationPlatforms) = preSolution
		Debug|Win32 = Debug|Win32
		Release|Win32 = Release|Win32
	EndGlobalSection
	GlobalSection(ProjectConfigurationPlatforms) = postSolution
		{2F3388EF-AB71-436A-97E2-5C4F75AB85DB}.Debug|Win32.ActiveCfg = Debug|Win32
		{2F3388EF-AB71-436A-97E2-5C4F75AB85DB}.Debug|Win32.Build.0 = Debug|Win32
		{2F3388EF-AB71-436A-97E2-5C4F75AB85DB}.Release|Win32.ActiveCfg = Release|Win32
		{2F3388EF-AB71-436A-97E2-5C4F75AB85DB}.Release|Win32.Build.0 = Release|Win32
	EndGlobalSection
	GlobalSection(SolutionProperties) = preSolution
		HideSolutionNode = FALSE
	EndGlobalSection
EndGlobal
