
Microsoft Visual Studio Solution File, Format Version 11.00
# Visual Studio 2010
Project("{8BC9CEB8-8B4A-11D0-8D11-00A0C91BC942}") = "1415_S1_QC3", "1415_S1_QC3\1415_S1_QC3.vcxproj", "{11B28702-30CE-4BFF-81A1-48B843E73A16}"
EndProject
Global
	GlobalSection(SolutionConfigurationPlatforms) = preSolution
		Debug|Win32 = Debug|Win32
		Release|Win32 = Release|Win32
	EndGlobalSection
	GlobalSection(ProjectConfigurationPlatforms) = postSolution
		{11B28702-30CE-4BFF-81A1-48B843E73A16}.Debug|Win32.ActiveCfg = Debug|Win32
		{11B28702-30CE-4BFF-81A1-48B843E73A16}.Debug|Win32.Build.0 = Debug|Win32
		{11B28702-30CE-4BFF-81A1-48B843E73A16}.Release|Win32.ActiveCfg = Release|Win32
		{11B28702-30CE-4BFF-81A1-48B843E73A16}.Release|Win32.Build.0 = Release|Win32
	EndGlobalSection
	GlobalSection(SolutionProperties) = preSolution
		HideSolutionNode = FALSE
	EndGlobalSection
EndGlobal
