
Microsoft Visual Studio Solution File, Format Version 11.00
# Visual Studio 2010
Project("{8BC9CEB8-8B4A-11D0-8D11-00A0C91BC942}") = "1314_S2_QB1~5", "1314_S2_QB1~5\1314_S2_QB1~5.vcxproj", "{04528661-C9C5-4BF3-9A1C-5DBC79920CD4}"
EndProject
Global
	GlobalSection(SolutionConfigurationPlatforms) = preSolution
		Debug|Win32 = Debug|Win32
		Release|Win32 = Release|Win32
	EndGlobalSection
	GlobalSection(ProjectConfigurationPlatforms) = postSolution
		{04528661-C9C5-4BF3-9A1C-5DBC79920CD4}.Debug|Win32.ActiveCfg = Debug|Win32
		{04528661-C9C5-4BF3-9A1C-5DBC79920CD4}.Debug|Win32.Build.0 = Debug|Win32
		{04528661-C9C5-4BF3-9A1C-5DBC79920CD4}.Release|Win32.ActiveCfg = Release|Win32
		{04528661-C9C5-4BF3-9A1C-5DBC79920CD4}.Release|Win32.Build.0 = Release|Win32
	EndGlobalSection
	GlobalSection(SolutionProperties) = preSolution
		HideSolutionNode = FALSE
	EndGlobalSection
EndGlobal
